
Microsoft Visual Studio Solution File, Format Version 12.00
# Visual Studio Version 16
VisualStudioVersion = 16.0.31229.75
MinimumVisualStudioVersion = 10.0.40219.1
Project("{9A19103F-16F7-4668-BE54-9A1E7A4F7556}") = "BlazorMovies.Server", "BlazorMovies\Server\BlazorMovies.Server.csproj", "{4B9ACFB5-3B53-483B-BCFA-AB53339D9BF6}"
EndProject
Project("{9A19103F-16F7-4668-BE54-9A1E7A4F7556}") = "BlazorMovies.Client", "BlazorMovies\Client\BlazorMovies.Client.csproj", "{4C3FFB25-22D3-4824-BA4E-1D33717A1EA8}"
EndProject
Project("{9A19103F-16F7-4668-BE54-9A1E7A4F7556}") = "BlazorMovies.Shared", "BlazorMovies\Shared\BlazorMovies.Shared.csproj", "{C7AA1869-C5DE-4A02-9001-38D1CD114174}"
EndProject
Global
	GlobalSection(SolutionConfigurationPlatforms) = preSolution
		Debug|Any CPU = Debug|Any CPU
		Release|Any CPU = Release|Any CPU
	EndGlobalSection
	GlobalSection(ProjectConfigurationPlatforms) = postSolution
		{4B9ACFB5-3B53-483B-BCFA-AB53339D9BF6}.Debug|Any CPU.ActiveCfg = Debug|Any CPU
		{4B9ACFB5-3B53-483B-BCFA-AB53339D9BF6}.Debug|Any CPU.Build.0 = Debug|Any CPU
		{4B9ACFB5-3B53-483B-BCFA-AB53339D9BF6}.Release|Any CPU.ActiveCfg = Release|Any CPU
		{4B9ACFB5-3B53-483B-BCFA-AB53339D9BF6}.Release|Any CPU.Build.0 = Release|Any CPU
		{4C3FFB25-22D3-4824-BA4E-1D33717A1EA8}.Debug|Any CPU.ActiveCfg = Debug|Any CPU
		{4C3FFB25-22D3-4824-BA4E-1D33717A1EA8}.Debug|Any CPU.Build.0 = Debug|Any CPU
		{4C3FFB25-22D3-4824-BA4E-1D33717A1EA8}.Release|Any CPU.ActiveCfg = Release|Any CPU
		{4C3FFB25-22D3-4824-BA4E-1D33717A1EA8}.Release|Any CPU.Build.0 = Release|Any CPU
		{C7AA1869-C5DE-4A02-9001-38D1CD114174}.Debug|Any CPU.ActiveCfg = Debug|Any CPU
		{C7AA1869-C5DE-4A02-9001-38D1CD114174}.Debug|Any CPU.Build.0 = Debug|Any CPU
		{C7AA1869-C5DE-4A02-9001-38D1CD114174}.Release|Any CPU.ActiveCfg = Release|Any CPU
		{C7AA1869-C5DE-4A02-9001-38D1CD114174}.Release|Any CPU.Build.0 = Release|Any CPU
	EndGlobalSection
	GlobalSection(SolutionProperties) = preSolution
		HideSolutionNode = FALSE
	EndGlobalSection
	GlobalSection(ExtensibilityGlobals) = postSolution
		SolutionGuid = {1589BC30-2124-4C85-8D27-4C6496649DD3}
	EndGlobalSection
EndGlobal
